// !$*UTF8*$!
{
	archiveVersion = 1;
	classes = {
	};
	objectVersion = 48;
	objects = {

/* Begin PBXBuildFile section */
		653D8B41206B9DC60029FCD9 /* ToDayViewController.swift in Sources */ = {isa = PBXBuildFile; fileRef = 653D8B40206B9DC60029FCD9 /* ToDayViewController.swift */; };
		653D8B43206BE9020029FCD9 /* TabBarController.swift in Sources */ = {isa = PBXBuildFile; fileRef = 653D8B42206BE9020029FCD9 /* TabBarController.swift */; };
		6568306C205FDDBD00868996 /* AddTaskViewController.swift in Sources */ = {isa = PBXBuildFile; fileRef = 6568306B205FDDBD00868996 /* AddTaskViewController.swift */; };
		657DBCF220500FEE0011A09A /* AppDelegate.swift in Sources */ = {isa = PBXBuildFile; fileRef = 657DBCF120500FEE0011A09A /* AppDelegate.swift */; };
		657DBCF720500FEE0011A09A /* Main.storyboard in Resources */ = {isa = PBXBuildFile; fileRef = 657DBCF520500FEE0011A09A /* Main.storyboard */; };
		657DBCF920500FEE0011A09A /* Assets.xcassets in Resources */ = {isa = PBXBuildFile; fileRef = 657DBCF820500FEE0011A09A /* Assets.xcassets */; };
		657DBCFC20500FEE0011A09A /* LaunchScreen.storyboard in Resources */ = {isa = PBXBuildFile; fileRef = 657DBCFA20500FEE0011A09A /* LaunchScreen.storyboard */; };
		657DBD0720500FEE0011A09A /* Improve_Your_LifestyleTests.swift in Sources */ = {isa = PBXBuildFile; fileRef = 657DBD0620500FEE0011A09A /* Improve_Your_LifestyleTests.swift */; };
		6587F8372089027D001985B0 /* AddListTableViewCell.swift in Sources */ = {isa = PBXBuildFile; fileRef = 6587F8352089027D001985B0 /* AddListTableViewCell.swift */; };
		6587F8382089027D001985B0 /* AddListTableViewCell.xib in Resources */ = {isa = PBXBuildFile; fileRef = 6587F8362089027D001985B0 /* AddListTableViewCell.xib */; };
		6587F8692089E875001985B0 /* HomeTableViewCell.swift in Sources */ = {isa = PBXBuildFile; fileRef = 6587F8672089E875001985B0 /* HomeTableViewCell.swift */; };
		6587F86A2089E875001985B0 /* HomeTableViewCell.xib in Resources */ = {isa = PBXBuildFile; fileRef = 6587F8682089E875001985B0 /* HomeTableViewCell.xib */; };
		659586FE20877B610098C17A /* EmptyTableViewCell.swift in Sources */ = {isa = PBXBuildFile; fileRef = 659586FC20877B610098C17A /* EmptyTableViewCell.swift */; };
		659586FF20877B610098C17A /* EmptyTableViewCell.xib in Resources */ = {isa = PBXBuildFile; fileRef = 659586FD20877B610098C17A /* EmptyTableViewCell.xib */; };
		659AE3D32062573400E36027 /* TaskList.swift in Sources */ = {isa = PBXBuildFile; fileRef = 659AE3D22062573400E36027 /* TaskList.swift */; };
		65A9E1EE205FE5D20072E296 /* Task.swift in Sources */ = {isa = PBXBuildFile; fileRef = 65A9E1ED205FE5D20072E296 /* Task.swift */; };
		65AF4879208C85790011D552 /* DownloadTasksViewController.swift in Sources */ = {isa = PBXBuildFile; fileRef = 65AF4878208C85790011D552 /* DownloadTasksViewController.swift */; };
		65AF487C208CC6B40011D552 /* DownloadTableViewCell.swift in Sources */ = {isa = PBXBuildFile; fileRef = 65AF487A208CC6B40011D552 /* DownloadTableViewCell.swift */; };
		65AF487D208CC6B40011D552 /* DownloadTableViewCell.xib in Resources */ = {isa = PBXBuildFile; fileRef = 65AF487B208CC6B40011D552 /* DownloadTableViewCell.xib */; };
		65B15EE620835B6D00CB09E2 /* OneDaysHistory.swift in Sources */ = {isa = PBXBuildFile; fileRef = 65B15EE520835B6D00CB09E2 /* OneDaysHistory.swift */; };
		65B15F492084CAE300CB09E2 /* TableViewHistoryCell.swift in Sources */ = {isa = PBXBuildFile; fileRef = 65B15F472084CAE300CB09E2 /* TableViewHistoryCell.swift */; };
		65B15F4A2084CAE300CB09E2 /* TableViewHistoryCell.xib in Resources */ = {isa = PBXBuildFile; fileRef = 65B15F482084CAE300CB09E2 /* TableViewHistoryCell.xib */; };
		65B2EBC120723230004AB029 /* GoogleService-Info.plist in Resources */ = {isa = PBXBuildFile; fileRef = 65B2EBC020723230004AB029 /* GoogleService-Info.plist */; };
		65C9C18D208A4F37007468F1 /* DownloadViewController.swift in Sources */ = {isa = PBXBuildFile; fileRef = 65C9C18C208A4F37007468F1 /* DownloadViewController.swift */; };
		65CBA36B2084F72F00119F4E /* CustomTableViewCell.swift in Sources */ = {isa = PBXBuildFile; fileRef = 65CBA3692084F72F00119F4E /* CustomTableViewCell.swift */; };
		65CBA36C2084F72F00119F4E /* CustomTableViewCell.xib in Resources */ = {isa = PBXBuildFile; fileRef = 65CBA36A2084F72F00119F4E /* CustomTableViewCell.xib */; };
		65F861A4206912B5001EEB61 /* HomeViewController.swift in Sources */ = {isa = PBXBuildFile; fileRef = 65F861A3206912B5001EEB61 /* HomeViewController.swift */; };
		6BCE79EB937229024808F71D /* Pods_Improve_Your_LifestyleTests.framework in Frameworks */ = {isa = PBXBuildFile; fileRef = A827100BF5E76CC0AF246BED /* Pods_Improve_Your_LifestyleTests.framework */; };
		C44B1B462E66227D8A04821C /* Pods_Improve_Your_Lifestyle.framework in Frameworks */ = {isa = PBXBuildFile; fileRef = C46580329AED0BD91C6BD85B /* Pods_Improve_Your_Lifestyle.framework */; };
/* End PBXBuildFile section */

/* Begin PBXContainerItemProxy section */
		657DBD0320500FEE0011A09A /* PBXContainerItemProxy */ = {
			isa = PBXContainerItemProxy;
			containerPortal = 657DBCE620500FEE0011A09A /* Project object */;
			proxyType = 1;
			remoteGlobalIDString = 657DBCED20500FEE0011A09A;
			remoteInfo = "Improve Your Lifestyle";
		};
/* End PBXContainerItemProxy section */

/* Begin PBXFileReference section */
		062C403D56FC209BCC8D1D8D /* Pods-Improve Your Lifestyle.release.xcconfig */ = {isa = PBXFileReference; includeInIndex = 1; lastKnownFileType = text.xcconfig; name = "Pods-Improve Your Lifestyle.release.xcconfig"; path = "Pods/Target Support Files/Pods-Improve Your Lifestyle/Pods-Improve Your Lifestyle.release.xcconfig"; sourceTree = "<group>"; };
		30F214DC0715D11C62BE26E1 /* Pods-Improve Your LifestyleTests.release.xcconfig */ = {isa = PBXFileReference; includeInIndex = 1; lastKnownFileType = text.xcconfig; name = "Pods-Improve Your LifestyleTests.release.xcconfig"; path = "Pods/Target Support Files/Pods-Improve Your LifestyleTests/Pods-Improve Your LifestyleTests.release.xcconfig"; sourceTree = "<group>"; };
		53BBCEA8D42A4860FE43524C /* Pods-Improve Your LifestyleTests.debug.xcconfig */ = {isa = PBXFileReference; includeInIndex = 1; lastKnownFileType = text.xcconfig; name = "Pods-Improve Your LifestyleTests.debug.xcconfig"; path = "Pods/Target Support Files/Pods-Improve Your LifestyleTests/Pods-Improve Your LifestyleTests.debug.xcconfig"; sourceTree = "<group>"; };
		653D8B40206B9DC60029FCD9 /* ToDayViewController.swift */ = {isa = PBXFileReference; lastKnownFileType = sourcecode.swift; path = ToDayViewController.swift; sourceTree = "<group>"; };
		653D8B42206BE9020029FCD9 /* TabBarController.swift */ = {isa = PBXFileReference; lastKnownFileType = sourcecode.swift; path = TabBarController.swift; sourceTree = "<group>"; };
		6568306B205FDDBD00868996 /* AddTaskViewController.swift */ = {isa = PBXFileReference; lastKnownFileType = sourcecode.swift; path = AddTaskViewController.swift; sourceTree = "<group>"; };
		657DBCEE20500FEE0011A09A /* Improve Your Lifestyle.app */ = {isa = PBXFileReference; explicitFileType = wrapper.application; includeInIndex = 0; path = "Improve Your Lifestyle.app"; sourceTree = BUILT_PRODUCTS_DIR; };
		657DBCF120500FEE0011A09A /* AppDelegate.swift */ = {isa = PBXFileReference; lastKnownFileType = sourcecode.swift; path = AppDelegate.swift; sourceTree = "<group>"; };
		657DBCF620500FEE0011A09A /* Base */ = {isa = PBXFileReference; lastKnownFileType = file.storyboard; name = Base; path = Base.lproj/Main.storyboard; sourceTree = "<group>"; };
		657DBCF820500FEE0011A09A /* Assets.xcassets */ = {isa = PBXFileReference; lastKnownFileType = folder.assetcatalog; path = Assets.xcassets; sourceTree = "<group>"; };
		657DBCFB20500FEE0011A09A /* Base */ = {isa = PBXFileReference; lastKnownFileType = file.storyboard; name = Base; path = Base.lproj/LaunchScreen.storyboard; sourceTree = "<group>"; };
		657DBCFD20500FEE0011A09A /* Info.plist */ = {isa = PBXFileReference; lastKnownFileType = text.plist.xml; path = Info.plist; sourceTree = "<group>"; };
		657DBD0220500FEE0011A09A /* Improve Your LifestyleTests.xctest */ = {isa = PBXFileReference; explicitFileType = wrapper.cfbundle; includeInIndex = 0; path = "Improve Your LifestyleTests.xctest"; sourceTree = BUILT_PRODUCTS_DIR; };
		657DBD0620500FEE0011A09A /* Improve_Your_LifestyleTests.swift */ = {isa = PBXFileReference; lastKnownFileType = sourcecode.swift; path = Improve_Your_LifestyleTests.swift; sourceTree = "<group>"; };
		657DBD0820500FEE0011A09A /* Info.plist */ = {isa = PBXFileReference; lastKnownFileType = text.plist.xml; path = Info.plist; sourceTree = "<group>"; };
		6587F8352089027D001985B0 /* AddListTableViewCell.swift */ = {isa = PBXFileReference; lastKnownFileType = sourcecode.swift; path = AddListTableViewCell.swift; sourceTree = "<group>"; };
		6587F8362089027D001985B0 /* AddListTableViewCell.xib */ = {isa = PBXFileReference; lastKnownFileType = file.xib; path = AddListTableViewCell.xib; sourceTree = "<group>"; };
		6587F8672089E875001985B0 /* HomeTableViewCell.swift */ = {isa = PBXFileReference; lastKnownFileType = sourcecode.swift; path = HomeTableViewCell.swift; sourceTree = "<group>"; };
		6587F8682089E875001985B0 /* HomeTableViewCell.xib */ = {isa = PBXFileReference; lastKnownFileType = file.xib; path = HomeTableViewCell.xib; sourceTree = "<group>"; };
		659586FC20877B610098C17A /* EmptyTableViewCell.swift */ = {isa = PBXFileReference; lastKnownFileType = sourcecode.swift; path = EmptyTableViewCell.swift; sourceTree = "<group>"; };
		659586FD20877B610098C17A /* EmptyTableViewCell.xib */ = {isa = PBXFileReference; lastKnownFileType = file.xib; path = EmptyTableViewCell.xib; sourceTree = "<group>"; };
		659AE3D22062573400E36027 /* TaskList.swift */ = {isa = PBXFileReference; lastKnownFileType = sourcecode.swift; path = TaskList.swift; sourceTree = "<group>"; };
		65A9E1ED205FE5D20072E296 /* Task.swift */ = {isa = PBXFileReference; lastKnownFileType = sourcecode.swift; path = Task.swift; sourceTree = "<group>"; };
		65AF4878208C85790011D552 /* DownloadTasksViewController.swift */ = {isa = PBXFileReference; lastKnownFileType = sourcecode.swift; path = DownloadTasksViewController.swift; sourceTree = "<group>"; };
		65AF487A208CC6B40011D552 /* DownloadTableViewCell.swift */ = {isa = PBXFileReference; lastKnownFileType = sourcecode.swift; path = DownloadTableViewCell.swift; sourceTree = "<group>"; };
		65AF487B208CC6B40011D552 /* DownloadTableViewCell.xib */ = {isa = PBXFileReference; lastKnownFileType = file.xib; path = DownloadTableViewCell.xib; sourceTree = "<group>"; };
		65B15EE520835B6D00CB09E2 /* OneDaysHistory.swift */ = {isa = PBXFileReference; lastKnownFileType = sourcecode.swift; path = OneDaysHistory.swift; sourceTree = "<group>"; };
		65B15F472084CAE300CB09E2 /* TableViewHistoryCell.swift */ = {isa = PBXFileReference; lastKnownFileType = sourcecode.swift; path = TableViewHistoryCell.swift; sourceTree = "<group>"; };
		65B15F482084CAE300CB09E2 /* TableViewHistoryCell.xib */ = {isa = PBXFileReference; lastKnownFileType = file.xib; path = TableViewHistoryCell.xib; sourceTree = "<group>"; };
		65B2EBC020723230004AB029 /* GoogleService-Info.plist */ = {isa = PBXFileReference; fileEncoding = 4; lastKnownFileType = text.plist.xml; path = "GoogleService-Info.plist"; sourceTree = "<group>"; };
		65C9C18C208A4F37007468F1 /* DownloadViewController.swift */ = {isa = PBXFileReference; lastKnownFileType = sourcecode.swift; path = DownloadViewController.swift; sourceTree = "<group>"; };
		65CBA3692084F72F00119F4E /* CustomTableViewCell.swift */ = {isa = PBXFileReference; lastKnownFileType = sourcecode.swift; path = CustomTableViewCell.swift; sourceTree = "<group>"; };
		65CBA36A2084F72F00119F4E /* CustomTableViewCell.xib */ = {isa = PBXFileReference; lastKnownFileType = file.xib; path = CustomTableViewCell.xib; sourceTree = "<group>"; };
		65F861A3206912B5001EEB61 /* HomeViewController.swift */ = {isa = PBXFileReference; lastKnownFileType = sourcecode.swift; path = HomeViewController.swift; sourceTree = "<group>"; };
		A827100BF5E76CC0AF246BED /* Pods_Improve_Your_LifestyleTests.framework */ = {isa = PBXFileReference; explicitFileType = wrapper.framework; includeInIndex = 0; path = Pods_Improve_Your_LifestyleTests.framework; sourceTree = BUILT_PRODUCTS_DIR; };
		C46580329AED0BD91C6BD85B /* Pods_Improve_Your_Lifestyle.framework */ = {isa = PBXFileReference; explicitFileType = wrapper.framework; includeInIndex = 0; path = Pods_Improve_Your_Lifestyle.framework; sourceTree = BUILT_PRODUCTS_DIR; };
		D292B70479AEBF4E2D642245 /* Pods-Improve Your Lifestyle.debug.xcconfig */ = {isa = PBXFileReference; includeInIndex = 1; lastKnownFileType = text.xcconfig; name = "Pods-Improve Your Lifestyle.debug.xcconfig"; path = "Pods/Target Support Files/Pods-Improve Your Lifestyle/Pods-Improve Your Lifestyle.debug.xcconfig"; sourceTree = "<group>"; };
/* End PBXFileReference section */

/* Begin PBXFrameworksBuildPhase section */
		657DBCEB20500FEE0011A09A /* Frameworks */ = {
			isa = PBXFrameworksBuildPhase;
			buildActionMask = 2147483647;
			files = (
				C44B1B462E66227D8A04821C /* Pods_Improve_Your_Lifestyle.framework in Frameworks */,
			);
			runOnlyForDeploymentPostprocessing = 0;
		};
		657DBCFF20500FEE0011A09A /* Frameworks */ = {
			isa = PBXFrameworksBuildPhase;
			buildActionMask = 2147483647;
			files = (
				6BCE79EB937229024808F71D /* Pods_Improve_Your_LifestyleTests.framework in Frameworks */,
			);
			runOnlyForDeploymentPostprocessing = 0;
		};
/* End PBXFrameworksBuildPhase section */

/* Begin PBXGroup section */
		29DBA1BC3F785FB220338BEA /* Frameworks */ = {
			isa = PBXGroup;
			children = (
				C46580329AED0BD91C6BD85B /* Pods_Improve_Your_Lifestyle.framework */,
				A827100BF5E76CC0AF246BED /* Pods_Improve_Your_LifestyleTests.framework */,
			);
			name = Frameworks;
			sourceTree = "<group>";
		};
		657DBCE520500FEE0011A09A = {
			isa = PBXGroup;
			children = (
				657DBCF020500FEE0011A09A /* Improve Your Lifestyle */,
				657DBD0520500FEE0011A09A /* Improve Your LifestyleTests */,
				657DBCEF20500FEE0011A09A /* Products */,
				99C971C587837BB867888973 /* Pods */,
				29DBA1BC3F785FB220338BEA /* Frameworks */,
			);
			sourceTree = "<group>";
		};
		657DBCEF20500FEE0011A09A /* Products */ = {
			isa = PBXGroup;
			children = (
				657DBCEE20500FEE0011A09A /* Improve Your Lifestyle.app */,
				657DBD0220500FEE0011A09A /* Improve Your LifestyleTests.xctest */,
			);
			name = Products;
			sourceTree = "<group>";
		};
		657DBCF020500FEE0011A09A /* Improve Your Lifestyle */ = {
			isa = PBXGroup;
			children = (
				657DBCF120500FEE0011A09A /* AppDelegate.swift */,
				653D8B42206BE9020029FCD9 /* TabBarController.swift */,
				65F861A3206912B5001EEB61 /* HomeViewController.swift */,
				6568306B205FDDBD00868996 /* AddTaskViewController.swift */,
				653D8B40206B9DC60029FCD9 /* ToDayViewController.swift */,
				65C9C18C208A4F37007468F1 /* DownloadViewController.swift */,
				65AF4878208C85790011D552 /* DownloadTasksViewController.swift */,
				65A9E1ED205FE5D20072E296 /* Task.swift */,
				659AE3D22062573400E36027 /* TaskList.swift */,
				65B15EE520835B6D00CB09E2 /* OneDaysHistory.swift */,
				657DBCF520500FEE0011A09A /* Main.storyboard */,
				657DBCF820500FEE0011A09A /* Assets.xcassets */,
				657DBCFA20500FEE0011A09A /* LaunchScreen.storyboard */,
				657DBCFD20500FEE0011A09A /* Info.plist */,
				65B2EBC020723230004AB029 /* GoogleService-Info.plist */,
				65B15F472084CAE300CB09E2 /* TableViewHistoryCell.swift */,
				65B15F482084CAE300CB09E2 /* TableViewHistoryCell.xib */,
				65CBA3692084F72F00119F4E /* CustomTableViewCell.swift */,
				65CBA36A2084F72F00119F4E /* CustomTableViewCell.xib */,
				659586FC20877B610098C17A /* EmptyTableViewCell.swift */,
				659586FD20877B610098C17A /* EmptyTableViewCell.xib */,
				6587F8352089027D001985B0 /* AddListTableViewCell.swift */,
				6587F8362089027D001985B0 /* AddListTableViewCell.xib */,
				6587F8672089E875001985B0 /* HomeTableViewCell.swift */,
				6587F8682089E875001985B0 /* HomeTableViewCell.xib */,
				65AF487A208CC6B40011D552 /* DownloadTableViewCell.swift */,
				65AF487B208CC6B40011D552 /* DownloadTableViewCell.xib */,
			);
			path = "Improve Your Lifestyle";
			sourceTree = "<group>";
		};
		657DBD0520500FEE0011A09A /* Improve Your LifestyleTests */ = {
			isa = PBXGroup;
			children = (
				657DBD0620500FEE0011A09A /* Improve_Your_LifestyleTests.swift */,
				657DBD0820500FEE0011A09A /* Info.plist */,
			);
			path = "Improve Your LifestyleTests";
			sourceTree = "<group>";
		};
		99C971C587837BB867888973 /* Pods */ = {
			isa = PBXGroup;
			children = (
				D292B70479AEBF4E2D642245 /* Pods-Improve Your Lifestyle.debug.xcconfig */,
				062C403D56FC209BCC8D1D8D /* Pods-Improve Your Lifestyle.release.xcconfig */,
				53BBCEA8D42A4860FE43524C /* Pods-Improve Your LifestyleTests.debug.xcconfig */,
				30F214DC0715D11C62BE26E1 /* Pods-Improve Your LifestyleTests.release.xcconfig */,
			);
			name = Pods;
			sourceTree = "<group>";
		};
/* End PBXGroup section */

/* Begin PBXNativeTarget section */
		657DBCED20500FEE0011A09A /* Improve Your Lifestyle */ = {
			isa = PBXNativeTarget;
			buildConfigurationList = 657DBD0B20500FEE0011A09A /* Build configuration list for PBXNativeTarget "Improve Your Lifestyle" */;
			buildPhases = (
				892459B3F304CA45581D2A36 /* [CP] Check Pods Manifest.lock */,
				657DBCEA20500FEE0011A09A /* Sources */,
				657DBCEB20500FEE0011A09A /* Frameworks */,
				657DBCEC20500FEE0011A09A /* Resources */,
				01A52BE82594870738832E5D /* [CP] Embed Pods Frameworks */,
				A67CDBC93ACF1270556DCAD6 /* [CP] Copy Pods Resources */,
			);
			buildRules = (
			);
			dependencies = (
			);
			name = "Improve Your Lifestyle";
			productName = "Improve Your Lifestyle";
			productReference = 657DBCEE20500FEE0011A09A /* Improve Your Lifestyle.app */;
			productType = "com.apple.product-type.application";
		};
		657DBD0120500FEE0011A09A /* Improve Your LifestyleTests */ = {
			isa = PBXNativeTarget;
			buildConfigurationList = 657DBD0E20500FEE0011A09A /* Build configuration list for PBXNativeTarget "Improve Your LifestyleTests" */;
			buildPhases = (
				97CE5D4F6FC6895A7B08105B /* [CP] Check Pods Manifest.lock */,
				657DBCFE20500FEE0011A09A /* Sources */,
				657DBCFF20500FEE0011A09A /* Frameworks */,
				657DBD0020500FEE0011A09A /* Resources */,
				9A0A44FBF7FD7FA310A6AB11 /* [CP] Embed Pods Frameworks */,
				F97393A3C48B715D92A13197 /* [CP] Copy Pods Resources */,
			);
			buildRules = (
			);
			dependencies = (
				657DBD0420500FEE0011A09A /* PBXTargetDependency */,
			);
			name = "Improve Your LifestyleTests";
			productName = "Improve Your LifestyleTests";
			productReference = 657DBD0220500FEE0011A09A /* Improve Your LifestyleTests.xctest */;
			productType = "com.apple.product-type.bundle.unit-test";
		};
/* End PBXNativeTarget section */

/* Begin PBXProject section */
		657DBCE620500FEE0011A09A /* Project object */ = {
			isa = PBXProject;
			attributes = {
				LastSwiftUpdateCheck = 0920;
				LastUpgradeCheck = 0920;
				ORGANIZATIONNAME = "Peter Karlsson";
				TargetAttributes = {
					657DBCED20500FEE0011A09A = {
						CreatedOnToolsVersion = 9.2;
						ProvisioningStyle = Automatic;
					};
					657DBD0120500FEE0011A09A = {
						CreatedOnToolsVersion = 9.2;
						ProvisioningStyle = Automatic;
						TestTargetID = 657DBCED20500FEE0011A09A;
					};
				};
			};
			buildConfigurationList = 657DBCE920500FEE0011A09A /* Build configuration list for PBXProject "Improve Your Lifestyle" */;
			compatibilityVersion = "Xcode 8.0";
			developmentRegion = en;
			hasScannedForEncodings = 0;
			knownRegions = (
				en,
				Base,
			);
			mainGroup = 657DBCE520500FEE0011A09A;
			productRefGroup = 657DBCEF20500FEE0011A09A /* Products */;
			projectDirPath = "";
			projectRoot = "";
			targets = (
				657DBCED20500FEE0011A09A /* Improve Your Lifestyle */,
				657DBD0120500FEE0011A09A /* Improve Your LifestyleTests */,
			);
		};
/* End PBXProject section */

/* Begin PBXResourcesBuildPhase section */
		657DBCEC20500FEE0011A09A /* Resources */ = {
			isa = PBXResourcesBuildPhase;
			buildActionMask = 2147483647;
			files = (
				659586FF20877B610098C17A /* EmptyTableViewCell.xib in Resources */,
				6587F8382089027D001985B0 /* AddListTableViewCell.xib in Resources */,
				657DBCFC20500FEE0011A09A /* LaunchScreen.storyboard in Resources */,
				657DBCF920500FEE0011A09A /* Assets.xcassets in Resources */,
				6587F86A2089E875001985B0 /* HomeTableViewCell.xib in Resources */,
				65CBA36C2084F72F00119F4E /* CustomTableViewCell.xib in Resources */,
				65B15F4A2084CAE300CB09E2 /* TableViewHistoryCell.xib in Resources */,
				65B2EBC120723230004AB029 /* GoogleService-Info.plist in Resources */,
				657DBCF720500FEE0011A09A /* Main.storyboard in Resources */,
				65AF487D208CC6B40011D552 /* DownloadTableViewCell.xib in Resources */,
			);
			runOnlyForDeploymentPostprocessing = 0;
		};
		657DBD0020500FEE0011A09A /* Resources */ = {
			isa = PBXResourcesBuildPhase;
			buildActionMask = 2147483647;
			files = (
			);
			runOnlyForDeploymentPostprocessing = 0;
		};
/* End PBXResourcesBuildPhase section */

/* Begin PBXShellScriptBuildPhase section */
		01A52BE82594870738832E5D /* [CP] Embed Pods Frameworks */ = {
			isa = PBXShellScriptBuildPhase;
			buildActionMask = 2147483647;
			files = (
			);
			inputPaths = (
				"${SRCROOT}/Pods/Target Support Files/Pods-Improve Your Lifestyle/Pods-Improve Your Lifestyle-frameworks.sh",
				"${BUILT_PRODUCTS_DIR}/ChartProgressBar/ChartProgressBar.framework",
				"${BUILT_PRODUCTS_DIR}/GoogleToolboxForMac/GoogleToolboxForMac.framework",
				"${BUILT_PRODUCTS_DIR}/GradientProgressBar/GradientProgressBar.framework",
				"${BUILT_PRODUCTS_DIR}/IQKeyboardManagerSwift/IQKeyboardManagerSwift.framework",
				"${BUILT_PRODUCTS_DIR}/leveldb-library/leveldb.framework",
				"${BUILT_PRODUCTS_DIR}/nanopb/nanopb.framework",
			);
			name = "[CP] Embed Pods Frameworks";
			outputPaths = (
				"${TARGET_BUILD_DIR}/${FRAMEWORKS_FOLDER_PATH}/ChartProgressBar.framework",
				"${TARGET_BUILD_DIR}/${FRAMEWORKS_FOLDER_PATH}/GoogleToolboxForMac.framework",
				"${TARGET_BUILD_DIR}/${FRAMEWORKS_FOLDER_PATH}/GradientProgressBar.framework",
				"${TARGET_BUILD_DIR}/${FRAMEWORKS_FOLDER_PATH}/IQKeyboardManagerSwift.framework",
				"${TARGET_BUILD_DIR}/${FRAMEWORKS_FOLDER_PATH}/leveldb.framework",
				"${TARGET_BUILD_DIR}/${FRAMEWORKS_FOLDER_PATH}/nanopb.framework",
			);
			runOnlyForDeploymentPostprocessing = 0;
			shellPath = /bin/sh;
			shellScript = "\"${SRCROOT}/Pods/Target Support Files/Pods-Improve Your Lifestyle/Pods-Improve Your Lifestyle-frameworks.sh\"\n";
			showEnvVarsInLog = 0;
		};
		892459B3F304CA45581D2A36 /* [CP] Check Pods Manifest.lock */ = {
			isa = PBXShellScriptBuildPhase;
			buildActionMask = 2147483647;
			files = (
			);
			inputPaths = (
				"${PODS_PODFILE_DIR_PATH}/Podfile.lock",
				"${PODS_ROOT}/Manifest.lock",
			);
			name = "[CP] Check Pods Manifest.lock";
			outputPaths = (
				"$(DERIVED_FILE_DIR)/Pods-Improve Your Lifestyle-checkManifestLockResult.txt",
			);
			runOnlyForDeploymentPostprocessing = 0;
			shellPath = /bin/sh;
			shellScript = "diff \"${PODS_PODFILE_DIR_PATH}/Podfile.lock\" \"${PODS_ROOT}/Manifest.lock\" > /dev/null\nif [ $? != 0 ] ; then\n    # print error to STDERR\n    echo \"error: The sandbox is not in sync with the Podfile.lock. Run 'pod install' or update your CocoaPods installation.\" >&2\n    exit 1\nfi\n# This output is used by Xcode 'outputs' to avoid re-running this script phase.\necho \"SUCCESS\" > \"${SCRIPT_OUTPUT_FILE_0}\"\n";
			showEnvVarsInLog = 0;
		};
		97CE5D4F6FC6895A7B08105B /* [CP] Check Pods Manifest.lock */ = {
			isa = PBXShellScriptBuildPhase;
			buildActionMask = 2147483647;
			files = (
			);
			inputPaths = (
				"${PODS_PODFILE_DIR_PATH}/Podfile.lock",
				"${PODS_ROOT}/Manifest.lock",
			);
			name = "[CP] Check Pods Manifest.lock";
			outputPaths = (
				"$(DERIVED_FILE_DIR)/Pods-Improve Your LifestyleTests-checkManifestLockResult.txt",
			);
			runOnlyForDeploymentPostprocessing = 0;
			shellPath = /bin/sh;
			shellScript = "diff \"${PODS_PODFILE_DIR_PATH}/Podfile.lock\" \"${PODS_ROOT}/Manifest.lock\" > /dev/null\nif [ $? != 0 ] ; then\n    # print error to STDERR\n    echo \"error: The sandbox is not in sync with the Podfile.lock. Run 'pod install' or update your CocoaPods installation.\" >&2\n    exit 1\nfi\n# This output is used by Xcode 'outputs' to avoid re-running this script phase.\necho \"SUCCESS\" > \"${SCRIPT_OUTPUT_FILE_0}\"\n";
			showEnvVarsInLog = 0;
		};
		9A0A44FBF7FD7FA310A6AB11 /* [CP] Embed Pods Frameworks */ = {
			isa = PBXShellScriptBuildPhase;
			buildActionMask = 2147483647;
			files = (
			);
			inputPaths = (
			);
			name = "[CP] Embed Pods Frameworks";
			outputPaths = (
			);
			runOnlyForDeploymentPostprocessing = 0;
			shellPath = /bin/sh;
			shellScript = "\"${SRCROOT}/Pods/Target Support Files/Pods-Improve Your LifestyleTests/Pods-Improve Your LifestyleTests-frameworks.sh\"\n";
			showEnvVarsInLog = 0;
		};
		A67CDBC93ACF1270556DCAD6 /* [CP] Copy Pods Resources */ = {
			isa = PBXShellScriptBuildPhase;
			buildActionMask = 2147483647;
			files = (
			);
			inputPaths = (
			);
			name = "[CP] Copy Pods Resources";
			outputPaths = (
			);
			runOnlyForDeploymentPostprocessing = 0;
			shellPath = /bin/sh;
			shellScript = "\"${SRCROOT}/Pods/Target Support Files/Pods-Improve Your Lifestyle/Pods-Improve Your Lifestyle-resources.sh\"\n";
			showEnvVarsInLog = 0;
		};
		F97393A3C48B715D92A13197 /* [CP] Copy Pods Resources */ = {
			isa = PBXShellScriptBuildPhase;
			buildActionMask = 2147483647;
			files = (
			);
			inputPaths = (
			);
			name = "[CP] Copy Pods Resources";
			outputPaths = (
			);
			runOnlyForDeploymentPostprocessing = 0;
			shellPath = /bin/sh;
			shellScript = "\"${SRCROOT}/Pods/Target Support Files/Pods-Improve Your LifestyleTests/Pods-Improve Your LifestyleTests-resources.sh\"\n";
			showEnvVarsInLog = 0;
		};
/* End PBXShellScriptBuildPhase section */

/* Begin PBXSourcesBuildPhase section */
		657DBCEA20500FEE0011A09A /* Sources */ = {
			isa = PBXSourcesBuildPhase;
			buildActionMask = 2147483647;
			files = (
				659AE3D32062573400E36027 /* TaskList.swift in Sources */,
				65AF487C208CC6B40011D552 /* DownloadTableViewCell.swift in Sources */,
				6587F8372089027D001985B0 /* AddListTableViewCell.swift in Sources */,
				6587F8692089E875001985B0 /* HomeTableViewCell.swift in Sources */,
				657DBCF220500FEE0011A09A /* AppDelegate.swift in Sources */,
				65A9E1EE205FE5D20072E296 /* Task.swift in Sources */,
				65B15EE620835B6D00CB09E2 /* OneDaysHistory.swift in Sources */,
				6568306C205FDDBD00868996 /* AddTaskViewController.swift in Sources */,
				65AF4879208C85790011D552 /* DownloadTasksViewController.swift in Sources */,
				653D8B43206BE9020029FCD9 /* TabBarController.swift in Sources */,
				65CBA36B2084F72F00119F4E /* CustomTableViewCell.swift in Sources */,
				65B15F492084CAE300CB09E2 /* TableViewHistoryCell.swift in Sources */,
				65C9C18D208A4F37007468F1 /* DownloadViewController.swift in Sources */,
				653D8B41206B9DC60029FCD9 /* ToDayViewController.swift in Sources */,
				65F861A4206912B5001EEB61 /* HomeViewController.swift in Sources */,
				659586FE20877B610098C17A /* EmptyTableViewCell.swift in Sources */,
			);
			runOnlyForDeploymentPostprocessing = 0;
		};
		657DBCFE20500FEE0011A09A /* Sources */ = {
			isa = PBXSourcesBuildPhase;
			buildActionMask = 2147483647;
			files = (
				657DBD0720500FEE0011A09A /* Improve_Your_LifestyleTests.swift in Sources */,
			);
			runOnlyForDeploymentPostprocessing = 0;
		};
/* End PBXSourcesBuildPhase section */

/* Begin PBXTargetDependency section */
		657DBD0420500FEE0011A09A /* PBXTargetDependency */ = {
			isa = PBXTargetDependency;
			target = 657DBCED20500FEE0011A09A /* Improve Your Lifestyle */;
			targetProxy = 657DBD0320500FEE0011A09A /* PBXContainerItemProxy */;
		};
/* End PBXTargetDependency section */

/* Begin PBXVariantGroup section */
		657DBCF520500FEE0011A09A /* Main.storyboard */ = {
			isa = PBXVariantGroup;
			children = (
				657DBCF620500FEE0011A09A /* Base */,
			);
			name = Main.storyboard;
			sourceTree = "<group>";
		};
		657DBCFA20500FEE0011A09A /* LaunchScreen.storyboard */ = {
			isa = PBXVariantGroup;
			children = (
				657DBCFB20500FEE0011A09A /* Base */,
			);
			name = LaunchScreen.storyboard;
			sourceTree = "<group>";
		};
/* End PBXVariantGroup section */

/* Begin XCBuildConfiguration section */
		657DBD0920500FEE0011A09A /* Debug */ = {
			isa = XCBuildConfiguration;
			buildSettings = {
				ALWAYS_SEARCH_USER_PATHS = NO;
				CLANG_ANALYZER_NONNULL = YES;
				CLANG_ANALYZER_NUMBER_OBJECT_CONVERSION = YES_AGGRESSIVE;
				CLANG_CXX_LANGUAGE_STANDARD = "gnu++14";
				CLANG_CXX_LIBRARY = "libc++";
				CLANG_ENABLE_MODULES = YES;
				CLANG_ENABLE_OBJC_ARC = YES;
				CLANG_WARN_BLOCK_CAPTURE_AUTORELEASING = YES;
				CLANG_WARN_BOOL_CONVERSION = YES;
				CLANG_WARN_COMMA = YES;
				CLANG_WARN_CONSTANT_CONVERSION = YES;
				CLANG_WARN_DIRECT_OBJC_ISA_USAGE = YES_ERROR;
				CLANG_WARN_DOCUMENTATION_COMMENTS = YES;
				CLANG_WARN_EMPTY_BODY = YES;
				CLANG_WARN_ENUM_CONVERSION = YES;
				CLANG_WARN_INFINITE_RECURSION = YES;
				CLANG_WARN_INT_CONVERSION = YES;
				CLANG_WARN_NON_LITERAL_NULL_CONVERSION = YES;
				CLANG_WARN_OBJC_LITERAL_CONVERSION = YES;
				CLANG_WARN_OBJC_ROOT_CLASS = YES_ERROR;
				CLANG_WARN_RANGE_LOOP_ANALYSIS = YES;
				CLANG_WARN_STRICT_PROTOTYPES = YES;
				CLANG_WARN_SUSPICIOUS_MOVE = YES;
				CLANG_WARN_UNGUARDED_AVAILABILITY = YES_AGGRESSIVE;
				CLANG_WARN_UNREACHABLE_CODE = YES;
				CLANG_WARN__DUPLICATE_METHOD_MATCH = YES;
				CODE_SIGN_IDENTITY = "iPhone Developer";
				COPY_PHASE_STRIP = NO;
				DEBUG_INFORMATION_FORMAT = dwarf;
				ENABLE_STRICT_OBJC_MSGSEND = YES;
				ENABLE_TESTABILITY = YES;
				GCC_C_LANGUAGE_STANDARD = gnu11;
				GCC_DYNAMIC_NO_PIC = NO;
				GCC_NO_COMMON_BLOCKS = YES;
				GCC_OPTIMIZATION_LEVEL = 0;
				GCC_PREPROCESSOR_DEFINITIONS = (
					"DEBUG=1",
					"$(inherited)",
				);
				GCC_WARN_64_TO_32_BIT_CONVERSION = YES;
				GCC_WARN_ABOUT_RETURN_TYPE = YES_ERROR;
				GCC_WARN_UNDECLARED_SELECTOR = YES;
				GCC_WARN_UNINITIALIZED_AUTOS = YES_AGGRESSIVE;
				GCC_WARN_UNUSED_FUNCTION = YES;
				GCC_WARN_UNUSED_VARIABLE = YES;
				IPHONEOS_DEPLOYMENT_TARGET = 11.2;
				MTL_ENABLE_DEBUG_INFO = YES;
				ONLY_ACTIVE_ARCH = YES;
				SDKROOT = iphoneos;
				SWIFT_ACTIVE_COMPILATION_CONDITIONS = DEBUG;
				SWIFT_OPTIMIZATION_LEVEL = "-Onone";
			};
			name = Debug;
		};
		657DBD0A20500FEE0011A09A /* Release */ = {
			isa = XCBuildConfiguration;
			buildSettings = {
				ALWAYS_SEARCH_USER_PATHS = NO;
				CLANG_ANALYZER_NONNULL = YES;
				CLANG_ANALYZER_NUMBER_OBJECT_CONVERSION = YES_AGGRESSIVE;
				CLANG_CXX_LANGUAGE_STANDARD = "gnu++14";
				CLANG_CXX_LIBRARY = "libc++";
				CLANG_ENABLE_MODULES = YES;
				CLANG_ENABLE_OBJC_ARC = YES;
				CLANG_WARN_BLOCK_CAPTURE_AUTORELEASING = YES;
				CLANG_WARN_BOOL_CONVERSION = YES;
				CLANG_WARN_COMMA = YES;
				CLANG_WARN_CONSTANT_CONVERSION = YES;
				CLANG_WARN_DIRECT_OBJC_ISA_USAGE = YES_ERROR;
				CLANG_WARN_DOCUMENTATION_COMMENTS = YES;
				CLANG_WARN_EMPTY_BODY = YES;
				CLANG_WARN_ENUM_CONVERSION = YES;
				CLANG_WARN_INFINITE_RECURSION = YES;
				CLANG_WARN_INT_CONVERSION = YES;
				CLANG_WARN_NON_LITERAL_NULL_CONVERSION = YES;
				CLANG_WARN_OBJC_LITERAL_CONVERSION = YES;
				CLANG_WARN_OBJC_ROOT_CLASS = YES_ERROR;
				CLANG_WARN_RANGE_LOOP_ANALYSIS = YES;
				CLANG_WARN_STRICT_PROTOTYPES = YES;
				CLANG_WARN_SUSPICIOUS_MOVE = YES;
				CLANG_WARN_UNGUARDED_AVAILABILITY = YES_AGGRESSIVE;
				CLANG_WARN_UNREACHABLE_CODE = YES;
				CLANG_WARN__DUPLICATE_METHOD_MATCH = YES;
				CODE_SIGN_IDENTITY = "iPhone Developer";
				COPY_PHASE_STRIP = NO;
				DEBUG_INFORMATION_FORMAT = "dwarf-with-dsym";
				ENABLE_NS_ASSERTIONS = NO;
				ENABLE_STRICT_OBJC_MSGSEND = YES;
				GCC_C_LANGUAGE_STANDARD = gnu11;
				GCC_NO_COMMON_BLOCKS = YES;
				GCC_WARN_64_TO_32_BIT_CONVERSION = YES;
				GCC_WARN_ABOUT_RETURN_TYPE = YES_ERROR;
				GCC_WARN_UNDECLARED_SELECTOR = YES;
				GCC_WARN_UNINITIALIZED_AUTOS = YES_AGGRESSIVE;
				GCC_WARN_UNUSED_FUNCTION = YES;
				GCC_WARN_UNUSED_VARIABLE = YES;
				IPHONEOS_DEPLOYMENT_TARGET = 11.2;
				MTL_ENABLE_DEBUG_INFO = NO;
				SDKROOT = iphoneos;
				SWIFT_OPTIMIZATION_LEVEL = "-Owholemodule";
				VALIDATE_PRODUCT = YES;
			};
			name = Release;
		};
		657DBD0C20500FEE0011A09A /* Debug */ = {
			isa = XCBuildConfiguration;
			baseConfigurationReference = D292B70479AEBF4E2D642245 /* Pods-Improve Your Lifestyle.debug.xcconfig */;
			buildSettings = {
				ASSETCATALOG_COMPILER_APPICON_NAME = AppIcon;
				CODE_SIGN_STYLE = Automatic;
				DEVELOPMENT_TEAM = 7Z7AH8A8YU;
				INFOPLIST_FILE = "Improve Your Lifestyle/Info.plist";
				LD_RUNPATH_SEARCH_PATHS = "$(inherited) @executable_path/Frameworks";
				PRODUCT_BUNDLE_IDENTIFIER = "hej.Improve-Your-Lifestyle";
				PRODUCT_NAME = "$(TARGET_NAME)";
				SWIFT_VERSION = 4.0;
				TARGETED_DEVICE_FAMILY = "1,2";
			};
			name = Debug;
		};
		657DBD0D20500FEE0011A09A /* Release */ = {
			isa = XCBuildConfiguration;
			baseConfigurationReference = 062C403D56FC209BCC8D1D8D /* Pods-Improve Your Lifestyle.release.xcconfig */;
			buildSettings = {
				ASSETCATALOG_COMPILER_APPICON_NAME = AppIcon;
				CODE_SIGN_STYLE = Automatic;
				DEVELOPMENT_TEAM = 7Z7AH8A8YU;
				INFOPLIST_FILE = "Improve Your Lifestyle/Info.plist";
				LD_RUNPATH_SEARCH_PATHS = "$(inherited) @executable_path/Frameworks";
				PRODUCT_BUNDLE_IDENTIFIER = "hej.Improve-Your-Lifestyle";
				PRODUCT_NAME = "$(TARGET_NAME)";
				SWIFT_VERSION = 4.0;
				TARGETED_DEVICE_FAMILY = "1,2";
			};
			name = Release;
		};
		657DBD0F20500FEE0011A09A /* Debug */ = {
			isa = XCBuildConfiguration;
			baseConfigurationReference = 53BBCEA8D42A4860FE43524C /* Pods-Improve Your LifestyleTests.debug.xcconfig */;
			buildSettings = {
				ALWAYS_EMBED_SWIFT_STANDARD_LIBRARIES = YES;
				BUNDLE_LOADER = "$(TEST_HOST)";
				CODE_SIGN_STYLE = Automatic;
				DEVELOPMENT_TEAM = 7Z7AH8A8YU;
				INFOPLIST_FILE = "Improve Your LifestyleTests/Info.plist";
				LD_RUNPATH_SEARCH_PATHS = "$(inherited) @executable_path/Frameworks @loader_path/Frameworks";
				PRODUCT_BUNDLE_IDENTIFIER = "hej.Improve-Your-LifestyleTests";
				PRODUCT_NAME = "$(TARGET_NAME)";
				SWIFT_VERSION = 4.0;
				TARGETED_DEVICE_FAMILY = "1,2";
				TEST_HOST = "$(BUILT_PRODUCTS_DIR)/Improve Your Lifestyle.app/Improve Your Lifestyle";
			};
			name = Debug;
		};
		657DBD1020500FEE0011A09A /* Release */ = {
			isa = XCBuildConfiguration;
			baseConfigurationReference = 30F214DC0715D11C62BE26E1 /* Pods-Improve Your LifestyleTests.release.xcconfig */;
			buildSettings = {
				ALWAYS_EMBED_SWIFT_STANDARD_LIBRARIES = YES;
				BUNDLE_LOADER = "$(TEST_HOST)";
				CODE_SIGN_STYLE = Automatic;
				DEVELOPMENT_TEAM = 7Z7AH8A8YU;
				INFOPLIST_FILE = "Improve Your LifestyleTests/Info.plist";
				LD_RUNPATH_SEARCH_PATHS = "$(inherited) @executable_path/Frameworks @loader_path/Frameworks";
				PRODUCT_BUNDLE_IDENTIFIER = "hej.Improve-Your-LifestyleTests";
				PRODUCT_NAME = "$(TARGET_NAME)";
				SWIFT_VERSION = 4.0;
				TARGETED_DEVICE_FAMILY = "1,2";
				TEST_HOST = "$(BUILT_PRODUCTS_DIR)/Improve Your Lifestyle.app/Improve Your Lifestyle";
			};
			name = Release;
		};
/* End XCBuildConfiguration section */

/* Begin XCConfigurationList section */
		657DBCE920500FEE0011A09A /* Build configuration list for PBXProject "Improve Your Lifestyle" */ = {
			isa = XCConfigurationList;
			buildConfigurations = (
				657DBD0920500FEE0011A09A /* Debug */,
				657DBD0A20500FEE0011A09A /* Release */,
			);
			defaultConfigurationIsVisible = 0;
			defaultConfigurationName = Release;
		};
		657DBD0B20500FEE0011A09A /* Build configuration list for PBXNativeTarget "Improve Your Lifestyle" */ = {
			isa = XCConfigurationList;
			buildConfigurations = (
				657DBD0C20500FEE0011A09A /* Debug */,
				657DBD0D20500FEE0011A09A /* Release */,
			);
			defaultConfigurationIsVisible = 0;
			defaultConfigurationName = Release;
		};
		657DBD0E20500FEE0011A09A /* Build configuration list for PBXNativeTarget "Improve Your LifestyleTests" */ = {
			isa = XCConfigurationList;
			buildConfigurations = (
				657DBD0F20500FEE0011A09A /* Debug */,
				657DBD1020500FEE0011A09A /* Release */,
			);
			defaultConfigurationIsVisible = 0;
			defaultConfigurationName = Release;
		};
/* End XCConfigurationList section */
	};
	rootObject = 657DBCE620500FEE0011A09A /* Project object */;
}
